
Microsoft Visual Studio Solution File, Format Version 12.00
# Visual Studio Version 17
VisualStudioVersion = 17.13.35825.156 d17.13
MinimumVisualStudioVersion = 10.0.40219.1
Project("{FAE04EC0-301F-11D3-BF4B-00C04F79EFBC}") = "Mycontact2", "Mycontact2\Mycontact2.csproj", "{8F143CA3-5D61-4B98-B0DA-0B37A0D196D5}"
EndProject
Global
	GlobalSection(SolutionConfigurationPlatforms) = preSolution
		Debug|Any CPU = Debug|Any CPU
		Release|Any CPU = Release|Any CPU
	EndGlobalSection
	GlobalSection(ProjectConfigurationPlatforms) = postSolution
		{8F143CA3-5D61-4B98-B0DA-0B37A0D196D5}.Debug|Any CPU.ActiveCfg = Debug|Any CPU
		{8F143CA3-5D61-4B98-B0DA-0B37A0D196D5}.Debug|Any CPU.Build.0 = Debug|Any CPU
		{8F143CA3-5D61-4B98-B0DA-0B37A0D196D5}.Release|Any CPU.ActiveCfg = Release|Any CPU
		{8F143CA3-5D61-4B98-B0DA-0B37A0D196D5}.Release|Any CPU.Build.0 = Release|Any CPU
	EndGlobalSection
	GlobalSection(SolutionProperties) = preSolution
		HideSolutionNode = FALSE
	EndGlobalSection
	GlobalSection(ExtensibilityGlobals) = postSolution
		SolutionGuid = {9D57F632-C57B-4D19-AC7D-FC775F44B509}
	EndGlobalSection
EndGlobal
